<?xml version="1.0" encoding="utf-8"?>
<Project ToolsVersion="4.0" xmlns="http://schemas.microsoft.com/developer/msbuild/2003">
  <ItemGroup>
    <ClInclude Include="Pch.h" />
    <ClInclude Include="Context.h" />
    <ClInclude Include="Utilities.h" />
    <ClInclude Include="Allocator.h" />
    <ClInclude Include="Types.h" />
    <ClInclude Include="Config.h" />
    <ClInclude Include="ModLoader.h" />
    <ClInclude Include="CodeLoader.h" />
    <ClInclude Include="Patches.h" />
    <ClInclude Include="SigScan.h" />
    <ClInclude Include="DatabaseLoader.h" />
    <ClInclude Include="FileLoader.h" />
  </ItemGroup>
  <ItemGroup>
    <ClCompile Include="Pch.cpp" />
    <ClCompile Include="Context.cpp" />
    <ClCompile Include="ModLoader.cpp" />
    <ClCompile Include="CodeLoader.cpp" />
    <ClCompile Include="Config.cpp" />
    <ClCompile Include="Patches.cpp" />
    <ClCompile Include="SigScan.cpp" />
    <ClCompile Include="DatabaseLoader.cpp" />
    <ClCompile Include="FileLoader.cpp" />
  </ItemGroup>
</Project>